// !$*UTF8*$!
{
	archiveVersion = 1;
	classes = {
	};
	objectVersion = 50;
	objects = {

/* Begin PBXBuildFile section */
		8195CE9D20EC99350032AA89 /* AppDelegate.m in Sources */ = {isa = PBXBuildFile; fileRef = 8195CE9C20EC99350032AA89 /* AppDelegate.m */; };
		8195CEA020EC99350032AA89 /* ViewController.m in Sources */ = {isa = PBXBuildFile; fileRef = 8195CE9F20EC99350032AA89 /* ViewController.m */; };
		8195CEA220EC99360032AA89 /* Assets.xcassets in Resources */ = {isa = PBXBuildFile; fileRef = 8195CEA120EC99360032AA89 /* Assets.xcassets */; };
		8195CEA520EC99360032AA89 /* Main.storyboard in Resources */ = {isa = PBXBuildFile; fileRef = 8195CEA320EC99360032AA89 /* Main.storyboard */; };
		8195CEA820EC99360032AA89 /* main.m in Sources */ = {isa = PBXBuildFile; fileRef = 8195CEA720EC99360032AA89 /* main.m */; };
		8195CEB120EC9B3D0032AA89 /* MyToolbarDelegate.m in Sources */ = {isa = PBXBuildFile; fileRef = 8195CEB020EC9B3D0032AA89 /* MyToolbarDelegate.m */; };
		8195CEB420ECAAAF0032AA89 /* MyToolbarItem.m in Sources */ = {isa = PBXBuildFile; fileRef = 8195CEB320ECAAAF0032AA89 /* MyToolbarItem.m */; };
		8195CEB720ECAF800032AA89 /* ToolbarItemFactory.m in Sources */ = {isa = PBXBuildFile; fileRef = 8195CEB620ECAF800032AA89 /* ToolbarItemFactory.m */; };
		8195CEBA20ECB72C0032AA89 /* MyWindowController.m in Sources */ = {isa = PBXBuildFile; fileRef = 8195CEB920ECB72C0032AA89 /* MyWindowController.m */; };
/* End PBXBuildFile section */

/* Begin PBXFileReference section */
		8195CE9820EC99350032AA89 /* iTestToolbar.app */ = {isa = PBXFileReference; explicitFileType = wrapper.application; includeInIndex = 0; path = iTestToolbar.app; sourceTree = BUILT_PRODUCTS_DIR; };
		8195CE9B20EC99350032AA89 /* AppDelegate.h */ = {isa = PBXFileReference; lastKnownFileType = sourcecode.c.h; path = AppDelegate.h; sourceTree = "<group>"; };
		8195CE9C20EC99350032AA89 /* AppDelegate.m */ = {isa = PBXFileReference; lastKnownFileType = sourcecode.c.objc; path = AppDelegate.m; sourceTree = "<group>"; };
		8195CE9E20EC99350032AA89 /* ViewController.h */ = {isa = PBXFileReference; lastKnownFileType = sourcecode.c.h; path = ViewController.h; sourceTree = "<group>"; };
		8195CE9F20EC99350032AA89 /* ViewController.m */ = {isa = PBXFileReference; lastKnownFileType = sourcecode.c.objc; path = ViewController.m; sourceTree = "<group>"; };
		8195CEA120EC99360032AA89 /* Assets.xcassets */ = {isa = PBXFileReference; lastKnownFileType = folder.assetcatalog; path = Assets.xcassets; sourceTree = "<group>"; };
		8195CEA420EC99360032AA89 /* Base */ = {isa = PBXFileReference; lastKnownFileType = file.storyboard; name = Base; path = Base.lproj/Main.storyboard; sourceTree = "<group>"; };
		8195CEA620EC99360032AA89 /* Info.plist */ = {isa = PBXFileReference; lastKnownFileType = text.plist.xml; path = Info.plist; sourceTree = "<group>"; };
		8195CEA720EC99360032AA89 /* main.m */ = {isa = PBXFileReference; lastKnownFileType = sourcecode.c.objc; path = main.m; sourceTree = "<group>"; };
		8195CEA920EC99360032AA89 /* iTestToolbar.entitlements */ = {isa = PBXFileReference; lastKnownFileType = text.plist.entitlements; path = iTestToolbar.entitlements; sourceTree = "<group>"; };
		8195CEAF20EC9B3D0032AA89 /* MyToolbarDelegate.h */ = {isa = PBXFileReference; lastKnownFileType = sourcecode.c.h; path = MyToolbarDelegate.h; sourceTree = "<group>"; };
		8195CEB020EC9B3D0032AA89 /* MyToolbarDelegate.m */ = {isa = PBXFileReference; lastKnownFileType = sourcecode.c.objc; path = MyToolbarDelegate.m; sourceTree = "<group>"; };
		8195CEB220ECAAAF0032AA89 /* MyToolbarItem.h */ = {isa = PBXFileReference; lastKnownFileType = sourcecode.c.h; path = MyToolbarItem.h; sourceTree = "<group>"; };
		8195CEB320ECAAAF0032AA89 /* MyToolbarItem.m */ = {isa = PBXFileReference; lastKnownFileType = sourcecode.c.objc; path = MyToolbarItem.m; sourceTree = "<group>"; };
		8195CEB520ECAF800032AA89 /* ToolbarItemFactory.h */ = {isa = PBXFileReference; lastKnownFileType = sourcecode.c.h; path = ToolbarItemFactory.h; sourceTree = "<group>"; };
		8195CEB620ECAF800032AA89 /* ToolbarItemFactory.m */ = {isa = PBXFileReference; lastKnownFileType = sourcecode.c.objc; path = ToolbarItemFactory.m; sourceTree = "<group>"; };
		8195CEB820ECB72C0032AA89 /* MyWindowController.h */ = {isa = PBXFileReference; lastKnownFileType = sourcecode.c.h; path = MyWindowController.h; sourceTree = "<group>"; };
		8195CEB920ECB72C0032AA89 /* MyWindowController.m */ = {isa = PBXFileReference; lastKnownFileType = sourcecode.c.objc; path = MyWindowController.m; sourceTree = "<group>"; };
/* End PBXFileReference section */

/* Begin PBXFrameworksBuildPhase section */
		8195CE9520EC99350032AA89 /* Frameworks */ = {
			isa = PBXFrameworksBuildPhase;
			buildActionMask = 2147483647;
			files = (
			);
			runOnlyForDeploymentPostprocessing = 0;
		};
/* End PBXFrameworksBuildPhase section */

/* Begin PBXGroup section */
		8195CE8F20EC99350032AA89 = {
			isa = PBXGroup;
			children = (
				8195CE9A20EC99350032AA89 /* iTestToolbar */,
				8195CE9920EC99350032AA89 /* Products */,
			);
			sourceTree = "<group>";
		};
		8195CE9920EC99350032AA89 /* Products */ = {
			isa = PBXGroup;
			children = (
				8195CE9820EC99350032AA89 /* iTestToolbar.app */,
			);
			name = Products;
			sourceTree = "<group>";
		};
		8195CE9A20EC99350032AA89 /* iTestToolbar */ = {
			isa = PBXGroup;
			children = (
				8195CE9B20EC99350032AA89 /* AppDelegate.h */,
				8195CE9C20EC99350032AA89 /* AppDelegate.m */,
				8195CE9E20EC99350032AA89 /* ViewController.h */,
				8195CE9F20EC99350032AA89 /* ViewController.m */,
				8195CEA120EC99360032AA89 /* Assets.xcassets */,
				8195CEA320EC99360032AA89 /* Main.storyboard */,
				8195CEA620EC99360032AA89 /* Info.plist */,
				8195CEA720EC99360032AA89 /* main.m */,
				8195CEA920EC99360032AA89 /* iTestToolbar.entitlements */,
				8195CEAF20EC9B3D0032AA89 /* MyToolbarDelegate.h */,
				8195CEB020EC9B3D0032AA89 /* MyToolbarDelegate.m */,
				8195CEB220ECAAAF0032AA89 /* MyToolbarItem.h */,
				8195CEB320ECAAAF0032AA89 /* MyToolbarItem.m */,
				8195CEB520ECAF800032AA89 /* ToolbarItemFactory.h */,
				8195CEB620ECAF800032AA89 /* ToolbarItemFactory.m */,
				8195CEB820ECB72C0032AA89 /* MyWindowController.h */,
				8195CEB920ECB72C0032AA89 /* MyWindowController.m */,
			);
			path = iTestToolbar;
			sourceTree = "<group>";
		};
/* End PBXGroup section */

/* Begin PBXNativeTarget section */
		8195CE9720EC99350032AA89 /* iTestToolbar */ = {
			isa = PBXNativeTarget;
			buildConfigurationList = 8195CEAC20EC99360032AA89 /* Build configuration list for PBXNativeTarget "iTestToolbar" */;
			buildPhases = (
				8195CE9420EC99350032AA89 /* Sources */,
				8195CE9520EC99350032AA89 /* Frameworks */,
				8195CE9620EC99350032AA89 /* Resources */,
			);
			buildRules = (
			);
			dependencies = (
			);
			name = iTestToolbar;
			productName = iTestToolbar;
			productReference = 8195CE9820EC99350032AA89 /* iTestToolbar.app */;
			productType = "com.apple.product-type.application";
		};
/* End PBXNativeTarget section */

/* Begin PBXProject section */
		8195CE9020EC99350032AA89 /* Project object */ = {
			isa = PBXProject;
			attributes = {
				LastUpgradeCheck = 0940;
				ORGANIZATIONNAME = "Alexander Petrov";
				TargetAttributes = {
					8195CE9720EC99350032AA89 = {
						CreatedOnToolsVersion = 9.4.1;
					};
				};
			};
			buildConfigurationList = 8195CE9320EC99350032AA89 /* Build configuration list for PBXProject "iTestToolbar" */;
			compatibilityVersion = "Xcode 9.3";
			developmentRegion = en;
			hasScannedForEncodings = 0;
			knownRegions = (
				en,
				Base,
			);
			mainGroup = 8195CE8F20EC99350032AA89;
			productRefGroup = 8195CE9920EC99350032AA89 /* Products */;
			projectDirPath = "";
			projectRoot = "";
			targets = (
				8195CE9720EC99350032AA89 /* iTestToolbar */,
			);
		};
/* End PBXProject section */

/* Begin PBXResourcesBuildPhase section */
		8195CE9620EC99350032AA89 /* Resources */ = {
			isa = PBXResourcesBuildPhase;
			buildActionMask = 2147483647;
			files = (
				8195CEA220EC99360032AA89 /* Assets.xcassets in Resources */,
				8195CEA520EC99360032AA89 /* Main.storyboard in Resources */,
			);
			runOnlyForDeploymentPostprocessing = 0;
		};
/* End PBXResourcesBuildPhase section */

/* Begin PBXSourcesBuildPhase section */
		8195CE9420EC99350032AA89 /* Sources */ = {
			isa = PBXSourcesBuildPhase;
			buildActionMask = 2147483647;
			files = (
				8195CEA020EC99350032AA89 /* ViewController.m in Sources */,
				8195CEA820EC99360032AA89 /* main.m in Sources */,
				8195CEB120EC9B3D0032AA89 /* MyToolbarDelegate.m in Sources */,
				8195CE9D20EC99350032AA89 /* AppDelegate.m in Sources */,
				8195CEB420ECAAAF0032AA89 /* MyToolbarItem.m in Sources */,
				8195CEB720ECAF800032AA89 /* ToolbarItemFactory.m in Sources */,
				8195CEBA20ECB72C0032AA89 /* MyWindowController.m in Sources */,
			);
			runOnlyForDeploymentPostprocessing = 0;
		};
/* End PBXSourcesBuildPhase section */

/* Begin PBXVariantGroup section */
		8195CEA320EC99360032AA89 /* Main.storyboard */ = {
			isa = PBXVariantGroup;
			children = (
				8195CEA420EC99360032AA89 /* Base */,
			);
			name = Main.storyboard;
			sourceTree = "<group>";
		};
/* End PBXVariantGroup section */

/* Begin XCBuildConfiguration section */
		8195CEAA20EC99360032AA89 /* Debug */ = {
			isa = XCBuildConfiguration;
			buildSettings = {
				ALWAYS_SEARCH_USER_PATHS = NO;
				CLANG_ANALYZER_NONNULL = YES;
				CLANG_ANALYZER_NUMBER_OBJECT_CONVERSION = YES_AGGRESSIVE;
				CLANG_CXX_LANGUAGE_STANDARD = "gnu++14";
				CLANG_CXX_LIBRARY = "libc++";
				CLANG_ENABLE_MODULES = YES;
				CLANG_ENABLE_OBJC_ARC = YES;
				CLANG_ENABLE_OBJC_WEAK = YES;
				CLANG_WARN_BLOCK_CAPTURE_AUTORELEASING = YES;
				CLANG_WARN_BOOL_CONVERSION = YES;
				CLANG_WARN_COMMA = YES;
				CLANG_WARN_CONSTANT_CONVERSION = YES;
				CLANG_WARN_DEPRECATED_OBJC_IMPLEMENTATIONS = YES;
				CLANG_WARN_DIRECT_OBJC_ISA_USAGE = YES_ERROR;
				CLANG_WARN_DOCUMENTATION_COMMENTS = YES;
				CLANG_WARN_EMPTY_BODY = YES;
				CLANG_WARN_ENUM_CONVERSION = YES;
				CLANG_WARN_INFINITE_RECURSION = YES;
				CLANG_WARN_INT_CONVERSION = YES;
				CLANG_WARN_NON_LITERAL_NULL_CONVERSION = YES;
				CLANG_WARN_OBJC_IMPLICIT_RETAIN_SELF = YES;
				CLANG_WARN_OBJC_LITERAL_CONVERSION = YES;
				CLANG_WARN_OBJC_ROOT_CLASS = YES_ERROR;
				CLANG_WARN_RANGE_LOOP_ANALYSIS = YES;
				CLANG_WARN_STRICT_PROTOTYPES = YES;
				CLANG_WARN_SUSPICIOUS_MOVE = YES;
				CLANG_WARN_UNGUARDED_AVAILABILITY = YES_AGGRESSIVE;
				CLANG_WARN_UNREACHABLE_CODE = YES;
				CLANG_WARN__DUPLICATE_METHOD_MATCH = YES;
				CODE_SIGN_IDENTITY = "Mac Developer";
				COPY_PHASE_STRIP = NO;
				DEBUG_INFORMATION_FORMAT = dwarf;
				ENABLE_STRICT_OBJC_MSGSEND = YES;
				ENABLE_TESTABILITY = YES;
				GCC_C_LANGUAGE_STANDARD = gnu11;
				GCC_DYNAMIC_NO_PIC = NO;
				GCC_NO_COMMON_BLOCKS = YES;
				GCC_OPTIMIZATION_LEVEL = 0;
				GCC_PREPROCESSOR_DEFINITIONS = (
					"DEBUG=1",
					"$(inherited)",
				);
				GCC_WARN_64_TO_32_BIT_CONVERSION = YES;
				GCC_WARN_ABOUT_RETURN_TYPE = YES_ERROR;
				GCC_WARN_UNDECLARED_SELECTOR = YES;
				GCC_WARN_UNINITIALIZED_AUTOS = YES_AGGRESSIVE;
				GCC_WARN_UNUSED_FUNCTION = YES;
				GCC_WARN_UNUSED_VARIABLE = YES;
				MACOSX_DEPLOYMENT_TARGET = 10.13;
				MTL_ENABLE_DEBUG_INFO = YES;
				ONLY_ACTIVE_ARCH = YES;
				SDKROOT = macosx;
			};
			name = Debug;
		};
		8195CEAB20EC99360032AA89 /* Release */ = {
			isa = XCBuildConfiguration;
			buildSettings = {
				ALWAYS_SEARCH_USER_PATHS = NO;
				CLANG_ANALYZER_NONNULL = YES;
				CLANG_ANALYZER_NUMBER_OBJECT_CONVERSION = YES_AGGRESSIVE;
				CLANG_CXX_LANGUAGE_STANDARD = "gnu++14";
				CLANG_CXX_LIBRARY = "libc++";
				CLANG_ENABLE_MODULES = YES;
				CLANG_ENABLE_OBJC_ARC = YES;
				CLANG_ENABLE_OBJC_WEAK = YES;
				CLANG_WARN_BLOCK_CAPTURE_AUTORELEASING = YES;
				CLANG_WARN_BOOL_CONVERSION = YES;
				CLANG_WARN_COMMA = YES;
				CLANG_WARN_CONSTANT_CONVERSION = YES;
				CLANG_WARN_DEPRECATED_OBJC_IMPLEMENTATIONS = YES;
				CLANG_WARN_DIRECT_OBJC_ISA_USAGE = YES_ERROR;
				CLANG_WARN_DOCUMENTATION_COMMENTS = YES;
				CLANG_WARN_EMPTY_BODY = YES;
				CLANG_WARN_ENUM_CONVERSION = YES;
				CLANG_WARN_INFINITE_RECURSION = YES;
				CLANG_WARN_INT_CONVERSION = YES;
				CLANG_WARN_NON_LITERAL_NULL_CONVERSION = YES;
				CLANG_WARN_OBJC_IMPLICIT_RETAIN_SELF = YES;
				CLANG_WARN_OBJC_LITERAL_CONVERSION = YES;
				CLANG_WARN_OBJC_ROOT_CLASS = YES_ERROR;
				CLANG_WARN_RANGE_LOOP_ANALYSIS = YES;
				CLANG_WARN_STRICT_PROTOTYPES = YES;
				CLANG_WARN_SUSPICIOUS_MOVE = YES;
				CLANG_WARN_UNGUARDED_AVAILABILITY = YES_AGGRESSIVE;
				CLANG_WARN_UNREACHABLE_CODE = YES;
				CLANG_WARN__DUPLICATE_METHOD_MATCH = YES;
				CODE_SIGN_IDENTITY = "Mac Developer";
				COPY_PHASE_STRIP = NO;
				DEBUG_INFORMATION_FORMAT = "dwarf-with-dsym";
				ENABLE_NS_ASSERTIONS = NO;
				ENABLE_STRICT_OBJC_MSGSEND = YES;
				GCC_C_LANGUAGE_STANDARD = gnu11;
				GCC_NO_COMMON_BLOCKS = YES;
				GCC_WARN_64_TO_32_BIT_CONVERSION = YES;
				GCC_WARN_ABOUT_RETURN_TYPE = YES_ERROR;
				GCC_WARN_UNDECLARED_SELECTOR = YES;
				GCC_WARN_UNINITIALIZED_AUTOS = YES_AGGRESSIVE;
				GCC_WARN_UNUSED_FUNCTION = YES;
				GCC_WARN_UNUSED_VARIABLE = YES;
				MACOSX_DEPLOYMENT_TARGET = 10.13;
				MTL_ENABLE_DEBUG_INFO = NO;
				SDKROOT = macosx;
			};
			name = Release;
		};
		8195CEAD20EC99360032AA89 /* Debug */ = {
			isa = XCBuildConfiguration;
			buildSettings = {
				ASSETCATALOG_COMPILER_APPICON_NAME = AppIcon;
				CODE_SIGN_ENTITLEMENTS = iTestToolbar/iTestToolbar.entitlements;
				CODE_SIGN_STYLE = Automatic;
				COMBINE_HIDPI_IMAGES = YES;
				DEVELOPMENT_TEAM = 4QG4V642J4;
				INFOPLIST_FILE = iTestToolbar/Info.plist;
				LD_RUNPATH_SEARCH_PATHS = (
					"$(inherited)",
					"@executable_path/../Frameworks",
				);
				PRODUCT_BUNDLE_IDENTIFIER = "Adastra-Bulgaria-ltd.iTestToolbar";
				PRODUCT_NAME = "$(TARGET_NAME)";
			};
			name = Debug;
		};
		8195CEAE20EC99360032AA89 /* Release */ = {
			isa = XCBuildConfiguration;
			buildSettings = {
				ASSETCATALOG_COMPILER_APPICON_NAME = AppIcon;
				CODE_SIGN_ENTITLEMENTS = iTestToolbar/iTestToolbar.entitlements;
				CODE_SIGN_STYLE = Automatic;
				COMBINE_HIDPI_IMAGES = YES;
				DEVELOPMENT_TEAM = 4QG4V642J4;
				INFOPLIST_FILE = iTestToolbar/Info.plist;
				LD_RUNPATH_SEARCH_PATHS = (
					"$(inherited)",
					"@executable_path/../Frameworks",
				);
				PRODUCT_BUNDLE_IDENTIFIER = "Adastra-Bulgaria-ltd.iTestToolbar";
				PRODUCT_NAME = "$(TARGET_NAME)";
			};
			name = Release;
		};
/* End XCBuildConfiguration section */

/* Begin XCConfigurationList section */
		8195CE9320EC99350032AA89 /* Build configuration list for PBXProject "iTestToolbar" */ = {
			isa = XCConfigurationList;
			buildConfigurations = (
				8195CEAA20EC99360032AA89 /* Debug */,
				8195CEAB20EC99360032AA89 /* Release */,
			);
			defaultConfigurationIsVisible = 0;
			defaultConfigurationName = Release;
		};
		8195CEAC20EC99360032AA89 /* Build configuration list for PBXNativeTarget "iTestToolbar" */ = {
			isa = XCConfigurationList;
			buildConfigurations = (
				8195CEAD20EC99360032AA89 /* Debug */,
				8195CEAE20EC99360032AA89 /* Release */,
			);
			defaultConfigurationIsVisible = 0;
			defaultConfigurationName = Release;
		};
/* End XCConfigurationList section */
	};
	rootObject = 8195CE9020EC99350032AA89 /* Project object */;
}
